
Microsoft Visual Studio Solution File, Format Version 12.00
# Visual Studio Version 16
VisualStudioVersion = 16.0.29728.190
MinimumVisualStudioVersion = 10.0.40219.1
Project("{8BC9CEB8-8B4A-11D0-8D11-00A0C91BC942}") = "scenegraph", "scenegraph.vcxproj", "{B62F62C3-503D-4C49-AA36-97EDD7868B23}"
EndProject
Global
	GlobalSection(SolutionConfigurationPlatforms) = preSolution
		Debug|x64 = Debug|x64
		Debug|x86 = Debug|x86
		Leak Detect|x64 = Leak Detect|x64
		Leak Detect|x86 = Leak Detect|x86
		Release|x64 = Release|x64
		Release|x86 = Release|x86
	EndGlobalSection
	GlobalSection(ProjectConfigurationPlatforms) = postSolution
		{B62F62C3-503D-4C49-AA36-97EDD7868B23}.Debug|x64.ActiveCfg = Debug|x64
		{B62F62C3-503D-4C49-AA36-97EDD7868B23}.Debug|x64.Build.0 = Debug|x64
		{B62F62C3-503D-4C49-AA36-97EDD7868B23}.Debug|x86.ActiveCfg = Debug|Win32
		{B62F62C3-503D-4C49-AA36-97EDD7868B23}.Debug|x86.Build.0 = Debug|Win32
		{B62F62C3-503D-4C49-AA36-97EDD7868B23}.Leak Detect|x64.ActiveCfg = Leak Detect|x64
		{B62F62C3-503D-4C49-AA36-97EDD7868B23}.Leak Detect|x64.Build.0 = Leak Detect|x64
		{B62F62C3-503D-4C49-AA36-97EDD7868B23}.Leak Detect|x86.ActiveCfg = Leak Detect|Win32
		{B62F62C3-503D-4C49-AA36-97EDD7868B23}.Leak Detect|x86.Build.0 = Leak Detect|Win32
		{B62F62C3-503D-4C49-AA36-97EDD7868B23}.Release|x64.ActiveCfg = Release|x64
		{B62F62C3-503D-4C49-AA36-97EDD7868B23}.Release|x64.Build.0 = Release|x64
		{B62F62C3-503D-4C49-AA36-97EDD7868B23}.Release|x86.ActiveCfg = Release|Win32
		{B62F62C3-503D-4C49-AA36-97EDD7868B23}.Release|x86.Build.0 = Release|Win32
	EndGlobalSection
	GlobalSection(SolutionProperties) = preSolution
		HideSolutionNode = FALSE
	EndGlobalSection
	GlobalSection(ExtensibilityGlobals) = postSolution
		SolutionGuid = {A7785C57-D36A-438B-A55E-43F1E61E622D}
	EndGlobalSection
EndGlobal
